// !$*UTF8*$!
{
	archiveVersion = 1;
	classes = {
	};
	objectVersion = 51;
	objects = {

/* Begin PBXBuildFile section */
		6F0CB0B523534FF10032C0FA /* NetworkErrors.strings in Resources */ = {isa = PBXBuildFile; fileRef = 6F0CB0B323534FF10032C0FA /* NetworkErrors.strings */; };
		6F121EBB22CD0BCC001E24CD /* RepoInfoViewController.swift in Sources */ = {isa = PBXBuildFile; fileRef = 6F121EBA22CD0BCC001E24CD /* RepoInfoViewController.swift */; };
		6F121EBD22CDA95C001E24CD /* SearchController.swift in Sources */ = {isa = PBXBuildFile; fileRef = 6F121EBC22CDA95C001E24CD /* SearchController.swift */; };
		6F51DF5A2326E1D600D6605A /* ColorScheme.swift in Sources */ = {isa = PBXBuildFile; fileRef = 6F51DF592326E1D600D6605A /* ColorScheme.swift */; };
		6F57E0E72313C097002A6E3D /* HTTPNetworkRoute.swift in Sources */ = {isa = PBXBuildFile; fileRef = 6F57E0E62313C097002A6E3D /* HTTPNetworkRoute.swift */; };
		6F57E0EA2313E569002A6E3D /* SearchServices.swift in Sources */ = {isa = PBXBuildFile; fileRef = 6F57E0E92313E569002A6E3D /* SearchServices.swift */; };
		6F57E0ED2313E5D0002A6E3D /* URLEncoder.swift in Sources */ = {isa = PBXBuildFile; fileRef = 6F57E0EC2313E5D0002A6E3D /* URLEncoder.swift */; };
		6F6B9A63233F63B6009A7E3C /* Localizable.strings in Resources */ = {isa = PBXBuildFile; fileRef = 6F6B9A65233F63B6009A7E3C /* Localizable.strings */; };
		6F6B9A71233F6AF7009A7E3C /* SearchUserAlerts.swift in Sources */ = {isa = PBXBuildFile; fileRef = 6F6B9A70233F6AF7009A7E3C /* SearchUserAlerts.swift */; };
		6F954CD1230DD67C0034E110 /* Constants.swift in Sources */ = {isa = PBXBuildFile; fileRef = 6F954CD0230DD67C0034E110 /* Constants.swift */; };
		6F9C6B5E22A70BBC001D9A83 /* AppDelegate.swift in Sources */ = {isa = PBXBuildFile; fileRef = 6F9C6B5D22A70BBC001D9A83 /* AppDelegate.swift */; };
		6F9C6B6022A70BBC001D9A83 /* SearchResultViewController.swift in Sources */ = {isa = PBXBuildFile; fileRef = 6F9C6B5F22A70BBC001D9A83 /* SearchResultViewController.swift */; };
		6F9C6B6522A70BC1001D9A83 /* Assets.xcassets in Resources */ = {isa = PBXBuildFile; fileRef = 6F9C6B6422A70BC1001D9A83 /* Assets.xcassets */; };
		6FAEBC7722F4F1AB00B2414D /* SearchInfo.swift in Sources */ = {isa = PBXBuildFile; fileRef = 6FAEBC7622F4F1AB00B2414D /* SearchInfo.swift */; };
		6FAEBC7922F4F1E100B2414D /* SearchItem.swift in Sources */ = {isa = PBXBuildFile; fileRef = 6FAEBC7822F4F1E100B2414D /* SearchItem.swift */; };
		6FAEBC7B22F4F33800B2414D /* SpinnerViewController.swift in Sources */ = {isa = PBXBuildFile; fileRef = 6FAEBC7A22F4F33800B2414D /* SpinnerViewController.swift */; };
		6FAEBC7F22F4F46100B2414D /* PaddedText.swift in Sources */ = {isa = PBXBuildFile; fileRef = 6FAEBC7E22F4F46100B2414D /* PaddedText.swift */; };
		6FAEBC8222F4F55600B2414D /* SearchResultCell.swift in Sources */ = {isa = PBXBuildFile; fileRef = 6FAEBC8122F4F55600B2414D /* SearchResultCell.swift */; };
		6FAEBC8522F4F64F00B2414D /* RepoInfoCell.swift in Sources */ = {isa = PBXBuildFile; fileRef = 6FAEBC8422F4F64F00B2414D /* RepoInfoCell.swift */; };
		6FD2B04B23157DF700E850C6 /* HTTPNetworkResponse.swift in Sources */ = {isa = PBXBuildFile; fileRef = 6FD2B04A23157DF700E850C6 /* HTTPNetworkResponse.swift */; };
		6FD2B04D23157E2400E850C6 /* HTTPNetworkRequest.swift in Sources */ = {isa = PBXBuildFile; fileRef = 6FD2B04C23157E2400E850C6 /* HTTPNetworkRequest.swift */; };
		6FD2B05123157EF700E850C6 /* HTTPNetworkError.swift in Sources */ = {isa = PBXBuildFile; fileRef = 6FD2B05023157EF700E850C6 /* HTTPNetworkError.swift */; };
		6FD2B0532315838C00E850C6 /* HTTPMethod.swift in Sources */ = {isa = PBXBuildFile; fileRef = 6FD2B0522315838C00E850C6 /* HTTPMethod.swift */; };
		6FCF091623409F43009314F1 /* SearchControllerView.swift in Sources */ = {isa = PBXBuildFile; fileRef = 6FCF091523409F43009314F1 /* SearchControllerView.swift */; };
		6FD498F2235AF0DA0004816C /* UIView+Misc.swift in Sources */ = {isa = PBXBuildFile; fileRef = 6FD498F1235AF0DA0004816C /* UIView+Misc.swift */; };
		6FF7724E2309533100D71AA0 /* RepoInfoDescriptionCell.swift in Sources */ = {isa = PBXBuildFile; fileRef = 6FF7724D2309533100D71AA0 /* RepoInfoDescriptionCell.swift */; };
		6FF77250230988D900D71AA0 /* PaddedLabel.swift in Sources */ = {isa = PBXBuildFile; fileRef = 6FF7724F230988D900D71AA0 /* PaddedLabel.swift */; };
/* End PBXBuildFile section */

/* Begin PBXFileReference section */
		6F0CB0B423534FF10032C0FA /* en */ = {isa = PBXFileReference; lastKnownFileType = text.plist.strings; name = en; path = en.lproj/NetworkErrors.strings; sourceTree = "<group>"; };
		6F121EBA22CD0BCC001E24CD /* RepoInfoViewController.swift */ = {isa = PBXFileReference; lastKnownFileType = sourcecode.swift; path = RepoInfoViewController.swift; sourceTree = "<group>"; };
		6F121EBC22CDA95C001E24CD /* SearchController.swift */ = {isa = PBXFileReference; lastKnownFileType = sourcecode.swift; path = SearchController.swift; sourceTree = "<group>"; };
		6F51DF592326E1D600D6605A /* ColorScheme.swift */ = {isa = PBXFileReference; lastKnownFileType = sourcecode.swift; path = ColorScheme.swift; sourceTree = "<group>"; };
		6F57E0E62313C097002A6E3D /* HTTPNetworkRoute.swift */ = {isa = PBXFileReference; lastKnownFileType = sourcecode.swift; path = HTTPNetworkRoute.swift; sourceTree = "<group>"; };
		6F57E0E92313E569002A6E3D /* SearchServices.swift */ = {isa = PBXFileReference; lastKnownFileType = sourcecode.swift; path = SearchServices.swift; sourceTree = "<group>"; };
		6F57E0EC2313E5D0002A6E3D /* URLEncoder.swift */ = {isa = PBXFileReference; lastKnownFileType = sourcecode.swift; path = URLEncoder.swift; sourceTree = "<group>"; };
		6F6B9A64233F63B6009A7E3C /* en */ = {isa = PBXFileReference; lastKnownFileType = text.plist.strings; name = en; path = en.lproj/Localizable.strings; sourceTree = "<group>"; };
		6F6B9A70233F6AF7009A7E3C /* SearchUserAlerts.swift */ = {isa = PBXFileReference; lastKnownFileType = sourcecode.swift; path = SearchUserAlerts.swift; sourceTree = "<group>"; };
		6F954CD0230DD67C0034E110 /* Constants.swift */ = {isa = PBXFileReference; lastKnownFileType = sourcecode.swift; path = Constants.swift; sourceTree = "<group>"; };
		6F9C6B5A22A70BBC001D9A83 /* GitSearch.app */ = {isa = PBXFileReference; explicitFileType = wrapper.application; includeInIndex = 0; path = GitSearch.app; sourceTree = BUILT_PRODUCTS_DIR; };
		6F9C6B5D22A70BBC001D9A83 /* AppDelegate.swift */ = {isa = PBXFileReference; lastKnownFileType = sourcecode.swift; path = AppDelegate.swift; sourceTree = "<group>"; };
		6F9C6B5F22A70BBC001D9A83 /* SearchResultViewController.swift */ = {isa = PBXFileReference; lastKnownFileType = sourcecode.swift; path = SearchResultViewController.swift; sourceTree = "<group>"; };
		6F9C6B6422A70BC1001D9A83 /* Assets.xcassets */ = {isa = PBXFileReference; lastKnownFileType = folder.assetcatalog; path = Assets.xcassets; sourceTree = "<group>"; };
		6F9C6B6922A70BC1001D9A83 /* Info.plist */ = {isa = PBXFileReference; lastKnownFileType = text.plist.xml; path = Info.plist; sourceTree = "<group>"; };
		6FAEBC7622F4F1AB00B2414D /* SearchInfo.swift */ = {isa = PBXFileReference; lastKnownFileType = sourcecode.swift; path = SearchInfo.swift; sourceTree = "<group>"; };
		6FAEBC7822F4F1E100B2414D /* SearchItem.swift */ = {isa = PBXFileReference; lastKnownFileType = sourcecode.swift; path = SearchItem.swift; sourceTree = "<group>"; };
		6FAEBC7A22F4F33800B2414D /* SpinnerViewController.swift */ = {isa = PBXFileReference; lastKnownFileType = sourcecode.swift; path = SpinnerViewController.swift; sourceTree = "<group>"; };
		6FAEBC7E22F4F46100B2414D /* PaddedText.swift */ = {isa = PBXFileReference; lastKnownFileType = sourcecode.swift; name = PaddedText.swift; path = ../../Models/PaddedText.swift; sourceTree = "<group>"; };
		6FAEBC8122F4F55600B2414D /* SearchResultCell.swift */ = {isa = PBXFileReference; lastKnownFileType = sourcecode.swift; path = SearchResultCell.swift; sourceTree = "<group>"; };
		6FAEBC8422F4F64F00B2414D /* RepoInfoCell.swift */ = {isa = PBXFileReference; lastKnownFileType = sourcecode.swift; path = RepoInfoCell.swift; sourceTree = "<group>"; };
		6FD2B04A23157DF700E850C6 /* HTTPNetworkResponse.swift */ = {isa = PBXFileReference; lastKnownFileType = sourcecode.swift; path = HTTPNetworkResponse.swift; sourceTree = "<group>"; };
		6FD2B04C23157E2400E850C6 /* HTTPNetworkRequest.swift */ = {isa = PBXFileReference; lastKnownFileType = sourcecode.swift; path = HTTPNetworkRequest.swift; sourceTree = "<group>"; };
		6FD2B05023157EF700E850C6 /* HTTPNetworkError.swift */ = {isa = PBXFileReference; lastKnownFileType = sourcecode.swift; path = HTTPNetworkError.swift; sourceTree = "<group>"; };
		6FD2B0522315838C00E850C6 /* HTTPMethod.swift */ = {isa = PBXFileReference; lastKnownFileType = sourcecode.swift; path = HTTPMethod.swift; sourceTree = "<group>"; };
		6FF7724D2309533100D71AA0 /* RepoInfoDescriptionCell.swift */ = {isa = PBXFileReference; lastKnownFileType = sourcecode.swift; path = RepoInfoDescriptionCell.swift; sourceTree = "<group>"; };
		6FF7724F230988D900D71AA0 /* PaddedLabel.swift */ = {isa = PBXFileReference; lastKnownFileType = sourcecode.swift; path = PaddedLabel.swift; sourceTree = "<group>"; };
		6FCF091523409F43009314F1 /* SearchControllerView.swift */ = {isa = PBXFileReference; lastKnownFileType = sourcecode.swift; path = SearchControllerView.swift; sourceTree = "<group>"; };
		6FD498F1235AF0DA0004816C /* UIView+Misc.swift */ = {isa = PBXFileReference; lastKnownFileType = sourcecode.swift; path = "UIView+Misc.swift"; sourceTree = "<group>"; };
		6FF7724D2309533100D71AA0 /* RepoInfoDescriptionCell.swift */ = {isa = PBXFileReference; lastKnownFileType = sourcecode.swift; path = RepoInfoDescriptionCell.swift; sourceTree = "<group>"; };
		6FF7724F230988D900D71AA0 /* PaddedLabel.swift */ = {isa = PBXFileReference; lastKnownFileType = sourcecode.swift; name = PaddedLabel.swift; path = ../../Models/PaddedLabel.swift; sourceTree = "<group>"; };
/* End PBXFileReference section */

/* Begin PBXFrameworksBuildPhase section */
		6F9C6B5722A70BBC001D9A83 /* Frameworks */ = {
			isa = PBXFrameworksBuildPhase;
			buildActionMask = 2147483647;
			files = (
			);
			runOnlyForDeploymentPostprocessing = 0;
		};
/* End PBXFrameworksBuildPhase section */

/* Begin PBXGroup section */
		6F57E0E42313BE47002A6E3D /* Networking */ = {
			isa = PBXGroup;
			children = (
				6F57E0EB2313E5A5002A6E3D /* Encoding */,
				6F57E0E52313C072002A6E3D /* HTTP */,
				6F57E0E82313E454002A6E3D /* Service */,
			);
			path = Networking;
			sourceTree = "<group>";
		};
		6F57E0E52313C072002A6E3D /* HTTP */ = {
			isa = PBXGroup;
			children = (
				6F57E0E62313C097002A6E3D /* HTTPNetworkRoute.swift */,
				6FD2B05023157EF700E850C6 /* HTTPNetworkError.swift */,
				6FD2B0522315838C00E850C6 /* HTTPMethod.swift */,
				6FD2B04A23157DF700E850C6 /* HTTPNetworkResponse.swift */,
				6FD2B04C23157E2400E850C6 /* HTTPNetworkRequest.swift */,
			);
			path = HTTP;
			sourceTree = "<group>";
		};
		6F57E0E82313E454002A6E3D /* Service */ = {
			isa = PBXGroup;
			children = (
				6F57E0E92313E569002A6E3D /* SearchServices.swift */,
			);
			path = Service;
			sourceTree = "<group>";
		};
		6F57E0EB2313E5A5002A6E3D /* Encoding */ = {
			isa = PBXGroup;
			children = (
				6F57E0EC2313E5D0002A6E3D /* URLEncoder.swift */,
			);
			path = Encoding;
			sourceTree = "<group>";
		};
		6F6B9A60233F60A2009A7E3C /* Localization */ = {
			isa = PBXGroup;
			children = (
				6F0CB0B323534FF10032C0FA /* NetworkErrors.strings */,
				6F6B9A65233F63B6009A7E3C /* Localizable.strings */,
			);
			path = Localization;
			sourceTree = "<group>";
		};
		6F9C6B5122A70BBB001D9A83 = {
			isa = PBXGroup;
			children = (
				6F9C6B5C22A70BBC001D9A83 /* GitSearch */,
				6F9C6B5B22A70BBC001D9A83 /* Products */,
			);
			sourceTree = "<group>";
		};
		6F9C6B5B22A70BBC001D9A83 /* Products */ = {
			isa = PBXGroup;
			children = (
				6F9C6B5A22A70BBC001D9A83 /* GitSearch.app */,
			);
			name = Products;
			sourceTree = "<group>";
		};
		6F9C6B5C22A70BBC001D9A83 /* GitSearch */ = {
			isa = PBXGroup;
			children = (
				6F57E0E42313BE47002A6E3D /* Networking */,
				6FD498F0235AF0A10004816C /* Helper */,
				6FAEBC7522F4F14500B2414D /* Models */,
				6FAEBC7422F4F13200B2414D /* Application */,
				6F6B9A60233F60A2009A7E3C /* Localization */,
				6F9C6B6422A70BC1001D9A83 /* Assets.xcassets */,
				6F9C6B6922A70BC1001D9A83 /* Info.plist */,
			);
			path = GitSearch;
			sourceTree = "<group>";
		};
		6FAEBC7422F4F13200B2414D /* Application */ = {
			isa = PBXGroup;
			children = (
				6FAEBC7C22F4F3C900B2414D /* Main */,
				6FAEBC7D22F4F41000B2414D /* Search */,
				6FAEBC8022F4F4F700B2414D /* SearchResult */,
				6FAEBC8322F4F5B600B2414D /* RepoInfo */,
			);
			path = Application;
			sourceTree = "<group>";
		};
		6FAEBC7522F4F14500B2414D /* Models */ = {
			isa = PBXGroup;
			children = (
				6FAEBC7622F4F1AB00B2414D /* SearchInfo.swift */,
				6FAEBC7822F4F1E100B2414D /* SearchItem.swift */,
				6FAEBC7A22F4F33800B2414D /* SpinnerViewController.swift */,
			);
			path = Models;
			sourceTree = "<group>";
		};
		6FAEBC7C22F4F3C900B2414D /* Main */ = {
			isa = PBXGroup;
			children = (
				6F9C6B5D22A70BBC001D9A83 /* AppDelegate.swift */,
			);
			path = Main;
			sourceTree = "<group>";
		};
		6FAEBC7D22F4F41000B2414D /* Search */ = {
			isa = PBXGroup;
			children = (
				6F121EBC22CDA95C001E24CD /* SearchController.swift */,
				6F6B9A70233F6AF7009A7E3C /* SearchUserAlerts.swift */,
				6FCF091523409F43009314F1 /* SearchControllerView.swift */,
				6FAEBC7E22F4F46100B2414D /* PaddedText.swift */,
				6FF7724F230988D900D71AA0 /* PaddedLabel.swift */,
			);
			path = Search;
			sourceTree = "<group>";
		};
		6FAEBC8022F4F4F700B2414D /* SearchResult */ = {
			isa = PBXGroup;
			children = (
				6F9C6B5F22A70BBC001D9A83 /* SearchResultViewController.swift */,
				6FAEBC8122F4F55600B2414D /* SearchResultCell.swift */,
			);
			path = SearchResult;
			sourceTree = "<group>";
		};
		6FAEBC8322F4F5B600B2414D /* RepoInfo */ = {
			isa = PBXGroup;
			children = (
				6F121EBA22CD0BCC001E24CD /* RepoInfoViewController.swift */,
				6FAEBC8422F4F64F00B2414D /* RepoInfoCell.swift */,
				6FF7724D2309533100D71AA0 /* RepoInfoDescriptionCell.swift */,
			);
			path = RepoInfo;
			sourceTree = "<group>";
		};
		6FD498F0235AF0A10004816C /* Helper */ = {
			isa = PBXGroup;
			children = (
				6FD498F1235AF0DA0004816C /* UIView+Misc.swift */,
				6F954CD0230DD67C0034E110 /* Constants.swift */,
				6F51DF592326E1D600D6605A /* ColorScheme.swift */,
			);
			path = Helper;
			sourceTree = "<group>";
		};
/* End PBXGroup section */

/* Begin PBXNativeTarget section */
		6F9C6B5922A70BBC001D9A83 /* GitSearch */ = {
			isa = PBXNativeTarget;
			buildConfigurationList = 6F9C6B6C22A70BC1001D9A83 /* Build configuration list for PBXNativeTarget "GitSearch" */;
			buildPhases = (
				6F9C6B5622A70BBC001D9A83 /* Sources */,
				6F9C6B5722A70BBC001D9A83 /* Frameworks */,
				6F9C6B5822A70BBC001D9A83 /* Resources */,
			);
			buildRules = (
			);
			dependencies = (
			);
			name = GitSearch;
			productName = GitSearch;
			productReference = 6F9C6B5A22A70BBC001D9A83 /* GitSearch.app */;
			productType = "com.apple.product-type.application";
		};
/* End PBXNativeTarget section */

/* Begin PBXProject section */
		6F9C6B5222A70BBB001D9A83 /* Project object */ = {
			isa = PBXProject;
			attributes = {
				LastSwiftUpdateCheck = 1010;
				LastUpgradeCheck = 1010;
				ORGANIZATIONNAME = mudritskiy;
				TargetAttributes = {
					6F9C6B5922A70BBC001D9A83 = {
						CreatedOnToolsVersion = 10.1;
						LastSwiftMigration = 1020;
					};
				};
			};
			buildConfigurationList = 6F9C6B5522A70BBB001D9A83 /* Build configuration list for PBXProject "GitSearch" */;
			compatibilityVersion = "Xcode 10.0";
			developmentRegion = en;
			hasScannedForEncodings = 0;
			knownRegions = (
				en,
				Base,
			);
			mainGroup = 6F9C6B5122A70BBB001D9A83;
			productRefGroup = 6F9C6B5B22A70BBC001D9A83 /* Products */;
			projectDirPath = "";
			projectRoot = "";
			targets = (
				6F9C6B5922A70BBC001D9A83 /* GitSearch */,
			);
		};
/* End PBXProject section */

/* Begin PBXResourcesBuildPhase section */
		6F9C6B5822A70BBC001D9A83 /* Resources */ = {
			isa = PBXResourcesBuildPhase;
			buildActionMask = 2147483647;
			files = (
				6F0CB0B523534FF10032C0FA /* NetworkErrors.strings in Resources */,
				6F9C6B6522A70BC1001D9A83 /* Assets.xcassets in Resources */,
				6F6B9A63233F63B6009A7E3C /* Localizable.strings in Resources */,
			);
			runOnlyForDeploymentPostprocessing = 0;
		};
/* End PBXResourcesBuildPhase section */

/* Begin PBXSourcesBuildPhase section */
		6F9C6B5622A70BBC001D9A83 /* Sources */ = {
			isa = PBXSourcesBuildPhase;
			buildActionMask = 2147483647;
			files = (
				6FD2B04D23157E2400E850C6 /* HTTPNetworkRequest.swift in Sources */,
				6F57E0E72313C097002A6E3D /* HTTPNetworkRoute.swift in Sources */,
				6FAEBC8522F4F64F00B2414D /* RepoInfoCell.swift in Sources */,
				6F51DF5A2326E1D600D6605A /* ColorScheme.swift in Sources */,
				6FF7724E2309533100D71AA0 /* RepoInfoDescriptionCell.swift in Sources */,
				6F9C6B6022A70BBC001D9A83 /* SearchResultViewController.swift in Sources */,
				6F121EBB22CD0BCC001E24CD /* RepoInfoViewController.swift in Sources */,
				6FD2B04B23157DF700E850C6 /* HTTPNetworkResponse.swift in Sources */,
				6FD2B05123157EF700E850C6 /* HTTPNetworkError.swift in Sources */,
				6FAEBC7F22F4F46100B2414D /* PaddedText.swift in Sources */,
				6FAEBC7722F4F1AB00B2414D /* SearchInfo.swift in Sources */,
				6F57E0EA2313E569002A6E3D /* SearchServices.swift in Sources */,
				6F57E0ED2313E5D0002A6E3D /* URLEncoder.swift in Sources */,
				6F9C6B5E22A70BBC001D9A83 /* AppDelegate.swift in Sources */,
				6FD2B0532315838C00E850C6 /* HTTPMethod.swift in Sources */,
				6FAEBC7922F4F1E100B2414D /* SearchItem.swift in Sources */,
				6FAEBC7B22F4F33800B2414D /* SpinnerViewController.swift in Sources */,
				6F6B9A71233F6AF7009A7E3C /* SearchUserAlerts.swift in Sources */,
				6F121EBD22CDA95C001E24CD /* SearchController.swift in Sources */,
				6FF77250230988D900D71AA0 /* PaddedLabel.swift in Sources */,
				6FD498F2235AF0DA0004816C /* UIView+Misc.swift in Sources */,
				6FAEBC8222F4F55600B2414D /* SearchResultCell.swift in Sources */,
				6F954CD1230DD67C0034E110 /* Constants.swift in Sources */,
				6FCF091623409F43009314F1 /* SearchControllerView.swift in Sources */,
			);
			runOnlyForDeploymentPostprocessing = 0;
		};
/* End PBXSourcesBuildPhase section */

/* Begin PBXVariantGroup section */
		6F0CB0B323534FF10032C0FA /* NetworkErrors.strings */ = {
			isa = PBXVariantGroup;
			children = (
				6F0CB0B423534FF10032C0FA /* en */,
			);
			name = NetworkErrors.strings;
			sourceTree = "<group>";
		};
		6F6B9A65233F63B6009A7E3C /* Localizable.strings */ = {
			isa = PBXVariantGroup;
			children = (
				6F6B9A64233F63B6009A7E3C /* en */,
			);
			name = Localizable.strings;
			sourceTree = "<group>";
		};
/* End PBXVariantGroup section */

/* Begin XCBuildConfiguration section */
		6F9C6B6A22A70BC1001D9A83 /* Debug */ = {
			isa = XCBuildConfiguration;
			buildSettings = {
				ALWAYS_SEARCH_USER_PATHS = NO;
				CLANG_ANALYZER_NONNULL = YES;
				CLANG_ANALYZER_NUMBER_OBJECT_CONVERSION = YES_AGGRESSIVE;
				CLANG_CXX_LANGUAGE_STANDARD = "gnu++14";
				CLANG_CXX_LIBRARY = "libc++";
				CLANG_ENABLE_MODULES = YES;
				CLANG_ENABLE_OBJC_ARC = YES;
				CLANG_ENABLE_OBJC_WEAK = YES;
				CLANG_WARN_BLOCK_CAPTURE_AUTORELEASING = YES;
				CLANG_WARN_BOOL_CONVERSION = YES;
				CLANG_WARN_COMMA = YES;
				CLANG_WARN_CONSTANT_CONVERSION = YES;
				CLANG_WARN_DEPRECATED_OBJC_IMPLEMENTATIONS = YES;
				CLANG_WARN_DIRECT_OBJC_ISA_USAGE = YES_ERROR;
				CLANG_WARN_DOCUMENTATION_COMMENTS = YES;
				CLANG_WARN_EMPTY_BODY = YES;
				CLANG_WARN_ENUM_CONVERSION = YES;
				CLANG_WARN_INFINITE_RECURSION = YES;
				CLANG_WARN_INT_CONVERSION = YES;
				CLANG_WARN_NON_LITERAL_NULL_CONVERSION = YES;
				CLANG_WARN_OBJC_IMPLICIT_RETAIN_SELF = YES;
				CLANG_WARN_OBJC_LITERAL_CONVERSION = YES;
				CLANG_WARN_OBJC_ROOT_CLASS = YES_ERROR;
				CLANG_WARN_RANGE_LOOP_ANALYSIS = YES;
				CLANG_WARN_STRICT_PROTOTYPES = YES;
				CLANG_WARN_SUSPICIOUS_MOVE = YES;
				CLANG_WARN_UNGUARDED_AVAILABILITY = YES_AGGRESSIVE;
				CLANG_WARN_UNREACHABLE_CODE = YES;
				CLANG_WARN__DUPLICATE_METHOD_MATCH = YES;
				CODE_SIGN_IDENTITY = "iPhone Developer";
				COPY_PHASE_STRIP = NO;
				DEBUG_INFORMATION_FORMAT = dwarf;
				ENABLE_STRICT_OBJC_MSGSEND = YES;
				ENABLE_TESTABILITY = YES;
				GCC_C_LANGUAGE_STANDARD = gnu11;
				GCC_DYNAMIC_NO_PIC = NO;
				GCC_NO_COMMON_BLOCKS = YES;
				GCC_OPTIMIZATION_LEVEL = 0;
				GCC_PREPROCESSOR_DEFINITIONS = (
					"DEBUG=1",
					"$(inherited)",
				);
				GCC_WARN_64_TO_32_BIT_CONVERSION = YES;
				GCC_WARN_ABOUT_RETURN_TYPE = YES_ERROR;
				GCC_WARN_UNDECLARED_SELECTOR = YES;
				GCC_WARN_UNINITIALIZED_AUTOS = YES_AGGRESSIVE;
				GCC_WARN_UNUSED_FUNCTION = YES;
				GCC_WARN_UNUSED_VARIABLE = YES;
				IPHONEOS_DEPLOYMENT_TARGET = 12.2;
				MTL_ENABLE_DEBUG_INFO = INCLUDE_SOURCE;
				MTL_FAST_MATH = YES;
				ONLY_ACTIVE_ARCH = YES;
				SDKROOT = iphoneos;
				SWIFT_ACTIVE_COMPILATION_CONDITIONS = DEBUG;
				SWIFT_OPTIMIZATION_LEVEL = "-Onone";
				SWIFT_VERSION = 5.0;
			};
			name = Debug;
		};
		6F9C6B6B22A70BC1001D9A83 /* Release */ = {
			isa = XCBuildConfiguration;
			buildSettings = {
				ALWAYS_SEARCH_USER_PATHS = NO;
				CLANG_ANALYZER_NONNULL = YES;
				CLANG_ANALYZER_NUMBER_OBJECT_CONVERSION = YES_AGGRESSIVE;
				CLANG_CXX_LANGUAGE_STANDARD = "gnu++14";
				CLANG_CXX_LIBRARY = "libc++";
				CLANG_ENABLE_MODULES = YES;
				CLANG_ENABLE_OBJC_ARC = YES;
				CLANG_ENABLE_OBJC_WEAK = YES;
				CLANG_WARN_BLOCK_CAPTURE_AUTORELEASING = YES;
				CLANG_WARN_BOOL_CONVERSION = YES;
				CLANG_WARN_COMMA = YES;
				CLANG_WARN_CONSTANT_CONVERSION = YES;
				CLANG_WARN_DEPRECATED_OBJC_IMPLEMENTATIONS = YES;
				CLANG_WARN_DIRECT_OBJC_ISA_USAGE = YES_ERROR;
				CLANG_WARN_DOCUMENTATION_COMMENTS = YES;
				CLANG_WARN_EMPTY_BODY = YES;
				CLANG_WARN_ENUM_CONVERSION = YES;
				CLANG_WARN_INFINITE_RECURSION = YES;
				CLANG_WARN_INT_CONVERSION = YES;
				CLANG_WARN_NON_LITERAL_NULL_CONVERSION = YES;
				CLANG_WARN_OBJC_IMPLICIT_RETAIN_SELF = YES;
				CLANG_WARN_OBJC_LITERAL_CONVERSION = YES;
				CLANG_WARN_OBJC_ROOT_CLASS = YES_ERROR;
				CLANG_WARN_RANGE_LOOP_ANALYSIS = YES;
				CLANG_WARN_STRICT_PROTOTYPES = YES;
				CLANG_WARN_SUSPICIOUS_MOVE = YES;
				CLANG_WARN_UNGUARDED_AVAILABILITY = YES_AGGRESSIVE;
				CLANG_WARN_UNREACHABLE_CODE = YES;
				CLANG_WARN__DUPLICATE_METHOD_MATCH = YES;
				CODE_SIGN_IDENTITY = "iPhone Developer";
				COPY_PHASE_STRIP = NO;
				DEBUG_INFORMATION_FORMAT = "dwarf-with-dsym";
				ENABLE_NS_ASSERTIONS = NO;
				ENABLE_STRICT_OBJC_MSGSEND = YES;
				GCC_C_LANGUAGE_STANDARD = gnu11;
				GCC_NO_COMMON_BLOCKS = YES;
				GCC_WARN_64_TO_32_BIT_CONVERSION = YES;
				GCC_WARN_ABOUT_RETURN_TYPE = YES_ERROR;
				GCC_WARN_UNDECLARED_SELECTOR = YES;
				GCC_WARN_UNINITIALIZED_AUTOS = YES_AGGRESSIVE;
				GCC_WARN_UNUSED_FUNCTION = YES;
				GCC_WARN_UNUSED_VARIABLE = YES;
				IPHONEOS_DEPLOYMENT_TARGET = 12.2;
				MTL_ENABLE_DEBUG_INFO = NO;
				MTL_FAST_MATH = YES;
				SDKROOT = iphoneos;
				SWIFT_COMPILATION_MODE = wholemodule;
				SWIFT_OPTIMIZATION_LEVEL = "-O";
				SWIFT_VERSION = 5.0;
				VALIDATE_PRODUCT = YES;
			};
			name = Release;
		};
		6F9C6B6D22A70BC1001D9A83 /* Debug */ = {
			isa = XCBuildConfiguration;
			buildSettings = {
				ASSETCATALOG_COMPILER_APPICON_NAME = AppIcon;
				CODE_SIGN_STYLE = Automatic;
				DEVELOPMENT_TEAM = T7TFFKRN7V;
				INFOPLIST_FILE = GitSearch/Info.plist;
				LD_RUNPATH_SEARCH_PATHS = (
					"$(inherited)",
					"@executable_path/Frameworks",
				);
				PRODUCT_BUNDLE_IDENTIFIER = vldmr.GitSearch;
				PRODUCT_NAME = "$(TARGET_NAME)";
				SWIFT_VERSION = 5.0;
				TARGETED_DEVICE_FAMILY = 1;
			};
			name = Debug;
		};
		6F9C6B6E22A70BC1001D9A83 /* Release */ = {
			isa = XCBuildConfiguration;
			buildSettings = {
				ASSETCATALOG_COMPILER_APPICON_NAME = AppIcon;
				CODE_SIGN_STYLE = Automatic;
				DEVELOPMENT_TEAM = T7TFFKRN7V;
				INFOPLIST_FILE = GitSearch/Info.plist;
				LD_RUNPATH_SEARCH_PATHS = (
					"$(inherited)",
					"@executable_path/Frameworks",
				);
				PRODUCT_BUNDLE_IDENTIFIER = vldmr.GitSearch;
				PRODUCT_NAME = "$(TARGET_NAME)";
				SWIFT_VERSION = 5.0;
				TARGETED_DEVICE_FAMILY = 1;
			};
			name = Release;
		};
/* End XCBuildConfiguration section */

/* Begin XCConfigurationList section */
		6F9C6B5522A70BBB001D9A83 /* Build configuration list for PBXProject "GitSearch" */ = {
			isa = XCConfigurationList;
			buildConfigurations = (
				6F9C6B6A22A70BC1001D9A83 /* Debug */,
				6F9C6B6B22A70BC1001D9A83 /* Release */,
			);
			defaultConfigurationIsVisible = 0;
			defaultConfigurationName = Release;
		};
		6F9C6B6C22A70BC1001D9A83 /* Build configuration list for PBXNativeTarget "GitSearch" */ = {
			isa = XCConfigurationList;
			buildConfigurations = (
				6F9C6B6D22A70BC1001D9A83 /* Debug */,
				6F9C6B6E22A70BC1001D9A83 /* Release */,
			);
			defaultConfigurationIsVisible = 0;
			defaultConfigurationName = Release;
		};
/* End XCConfigurationList section */
	};
	rootObject = 6F9C6B5222A70BBB001D9A83 /* Project object */;
}
