// !$*UTF8*$!
{
	archiveVersion = 1;
	classes = {
	};
	objectVersion = 50;
	objects = {

/* Begin PBXBuildFile section */
		6F121EBB22CD0BCC001E24CD /* RepoInfoViewController.swift in Sources */ = {isa = PBXBuildFile; fileRef = 6F121EBA22CD0BCC001E24CD /* RepoInfoViewController.swift */; };
		6F121EBD22CDA95C001E24CD /* SearchController.swift in Sources */ = {isa = PBXBuildFile; fileRef = 6F121EBC22CDA95C001E24CD /* SearchController.swift */; };
		6F9C6B5E22A70BBC001D9A83 /* AppDelegate.swift in Sources */ = {isa = PBXBuildFile; fileRef = 6F9C6B5D22A70BBC001D9A83 /* AppDelegate.swift */; };
		6F9C6B6022A70BBC001D9A83 /* SearchResultViewController.swift in Sources */ = {isa = PBXBuildFile; fileRef = 6F9C6B5F22A70BBC001D9A83 /* SearchResultViewController.swift */; };
		6F9C6B6522A70BC1001D9A83 /* Assets.xcassets in Resources */ = {isa = PBXBuildFile; fileRef = 6F9C6B6422A70BC1001D9A83 /* Assets.xcassets */; };
		6FAEBC7722F4F1AB00B2414D /* SearchInfo.swift in Sources */ = {isa = PBXBuildFile; fileRef = 6FAEBC7622F4F1AB00B2414D /* SearchInfo.swift */; };
		6FAEBC7922F4F1E100B2414D /* SearchItem.swift in Sources */ = {isa = PBXBuildFile; fileRef = 6FAEBC7822F4F1E100B2414D /* SearchItem.swift */; };
		6FAEBC7B22F4F33800B2414D /* SpinnerViewController.swift in Sources */ = {isa = PBXBuildFile; fileRef = 6FAEBC7A22F4F33800B2414D /* SpinnerViewController.swift */; };
		6FAEBC7F22F4F46100B2414D /* PaddedText.swift in Sources */ = {isa = PBXBuildFile; fileRef = 6FAEBC7E22F4F46100B2414D /* PaddedText.swift */; };
		6FAEBC8222F4F55600B2414D /* SearchResultCellView.swift in Sources */ = {isa = PBXBuildFile; fileRef = 6FAEBC8122F4F55600B2414D /* SearchResultCellView.swift */; };
		6FAEBC8522F4F64F00B2414D /* RepoInfoCellView.swift in Sources */ = {isa = PBXBuildFile; fileRef = 6FAEBC8422F4F64F00B2414D /* RepoInfoCellView.swift */; };
/* End PBXBuildFile section */

/* Begin PBXFileReference section */
		6F121EBA22CD0BCC001E24CD /* RepoInfoViewController.swift */ = {isa = PBXFileReference; lastKnownFileType = sourcecode.swift; path = RepoInfoViewController.swift; sourceTree = "<group>"; };
		6F121EBC22CDA95C001E24CD /* SearchController.swift */ = {isa = PBXFileReference; lastKnownFileType = sourcecode.swift; path = SearchController.swift; sourceTree = "<group>"; };
		6F9C6B5A22A70BBC001D9A83 /* GitSearch.app */ = {isa = PBXFileReference; explicitFileType = wrapper.application; includeInIndex = 0; path = GitSearch.app; sourceTree = BUILT_PRODUCTS_DIR; };
		6F9C6B5D22A70BBC001D9A83 /* AppDelegate.swift */ = {isa = PBXFileReference; lastKnownFileType = sourcecode.swift; path = AppDelegate.swift; sourceTree = "<group>"; };
		6F9C6B5F22A70BBC001D9A83 /* SearchResultViewController.swift */ = {isa = PBXFileReference; lastKnownFileType = sourcecode.swift; path = SearchResultViewController.swift; sourceTree = "<group>"; };
		6F9C6B6422A70BC1001D9A83 /* Assets.xcassets */ = {isa = PBXFileReference; lastKnownFileType = folder.assetcatalog; path = Assets.xcassets; sourceTree = "<group>"; };
		6F9C6B6922A70BC1001D9A83 /* Info.plist */ = {isa = PBXFileReference; lastKnownFileType = text.plist.xml; path = Info.plist; sourceTree = "<group>"; };
		6FAEBC7622F4F1AB00B2414D /* SearchInfo.swift */ = {isa = PBXFileReference; lastKnownFileType = sourcecode.swift; path = SearchInfo.swift; sourceTree = "<group>"; };
		6FAEBC7822F4F1E100B2414D /* SearchItem.swift */ = {isa = PBXFileReference; lastKnownFileType = sourcecode.swift; path = SearchItem.swift; sourceTree = "<group>"; };
		6FAEBC7A22F4F33800B2414D /* SpinnerViewController.swift */ = {isa = PBXFileReference; lastKnownFileType = sourcecode.swift; path = SpinnerViewController.swift; sourceTree = "<group>"; };
		6FAEBC7E22F4F46100B2414D /* PaddedText.swift */ = {isa = PBXFileReference; lastKnownFileType = sourcecode.swift; path = PaddedText.swift; sourceTree = "<group>"; };
		6FAEBC8122F4F55600B2414D /* SearchResultCellView.swift */ = {isa = PBXFileReference; lastKnownFileType = sourcecode.swift; path = SearchResultCellView.swift; sourceTree = "<group>"; };
		6FAEBC8422F4F64F00B2414D /* RepoInfoCellView.swift */ = {isa = PBXFileReference; lastKnownFileType = sourcecode.swift; path = RepoInfoCellView.swift; sourceTree = "<group>"; };
/* End PBXFileReference section */

/* Begin PBXFrameworksBuildPhase section */
		6F9C6B5722A70BBC001D9A83 /* Frameworks */ = {
			isa = PBXFrameworksBuildPhase;
			buildActionMask = 2147483647;
			files = (
			);
			runOnlyForDeploymentPostprocessing = 0;
		};
/* End PBXFrameworksBuildPhase section */

/* Begin PBXGroup section */
		6F9C6B5122A70BBB001D9A83 = {
			isa = PBXGroup;
			children = (
				6F9C6B5C22A70BBC001D9A83 /* GitSearch */,
				6F9C6B5B22A70BBC001D9A83 /* Products */,
			);
			sourceTree = "<group>";
		};
		6F9C6B5B22A70BBC001D9A83 /* Products */ = {
			isa = PBXGroup;
			children = (
				6F9C6B5A22A70BBC001D9A83 /* GitSearch.app */,
			);
			name = Products;
			sourceTree = "<group>";
		};
		6F9C6B5C22A70BBC001D9A83 /* GitSearch */ = {
			isa = PBXGroup;
			children = (
				6FAEBC7522F4F14500B2414D /* Models */,
				6FAEBC7422F4F13200B2414D /* Application */,
				6F9C6B6422A70BC1001D9A83 /* Assets.xcassets */,
				6F9C6B6922A70BC1001D9A83 /* Info.plist */,
			);
			path = GitSearch;
			sourceTree = "<group>";
		};
		6FAEBC7422F4F13200B2414D /* Application */ = {
			isa = PBXGroup;
			children = (
				6FAEBC7C22F4F3C900B2414D /* Main */,
				6FAEBC7D22F4F41000B2414D /* Search */,
				6FAEBC8022F4F4F700B2414D /* SearchResult */,
				6FAEBC8322F4F5B600B2414D /* RepoInfo */,
			);
			path = Application;
			sourceTree = "<group>";
		};
		6FAEBC7522F4F14500B2414D /* Models */ = {
			isa = PBXGroup;
			children = (
				6FAEBC7622F4F1AB00B2414D /* SearchInfo.swift */,
				6FAEBC7822F4F1E100B2414D /* SearchItem.swift */,
				6FAEBC7E22F4F46100B2414D /* PaddedText.swift */,
				6FAEBC7A22F4F33800B2414D /* SpinnerViewController.swift */,
			);
			path = Models;
			sourceTree = "<group>";
		};
		6FAEBC7C22F4F3C900B2414D /* Main */ = {
			isa = PBXGroup;
			children = (
				6F9C6B5D22A70BBC001D9A83 /* AppDelegate.swift */,
			);
			path = Main;
			sourceTree = "<group>";
		};
		6FAEBC7D22F4F41000B2414D /* Search */ = {
			isa = PBXGroup;
			children = (
				6F121EBC22CDA95C001E24CD /* SearchController.swift */,
			);
			path = Search;
			sourceTree = "<group>";
		};
		6FAEBC8022F4F4F700B2414D /* SearchResult */ = {
			isa = PBXGroup;
			children = (
				6F9C6B5F22A70BBC001D9A83 /* SearchResultViewController.swift */,
				6FAEBC8122F4F55600B2414D /* SearchResultCellView.swift */,
			);
			path = SearchResult;
			sourceTree = "<group>";
		};
		6FAEBC8322F4F5B600B2414D /* RepoInfo */ = {
			isa = PBXGroup;
			children = (
				6F121EBA22CD0BCC001E24CD /* RepoInfoViewController.swift */,
				6FAEBC8422F4F64F00B2414D /* RepoInfoCellView.swift */,
			);
			path = RepoInfo;
			sourceTree = "<group>";
		};
/* End PBXGroup section */

/* Begin PBXNativeTarget section */
		6F9C6B5922A70BBC001D9A83 /* GitSearch */ = {
			isa = PBXNativeTarget;
			buildConfigurationList = 6F9C6B6C22A70BC1001D9A83 /* Build configuration list for PBXNativeTarget "GitSearch" */;
			buildPhases = (
				6F9C6B5622A70BBC001D9A83 /* Sources */,
				6F9C6B5722A70BBC001D9A83 /* Frameworks */,
				6F9C6B5822A70BBC001D9A83 /* Resources */,
			);
			buildRules = (
			);
			dependencies = (
			);
			name = GitSearch;
			productName = GitSearch;
			productReference = 6F9C6B5A22A70BBC001D9A83 /* GitSearch.app */;
			productType = "com.apple.product-type.application";
		};
/* End PBXNativeTarget section */

/* Begin PBXProject section */
		6F9C6B5222A70BBB001D9A83 /* Project object */ = {
			isa = PBXProject;
			attributes = {
				LastSwiftUpdateCheck = 1010;
				LastUpgradeCheck = 1010;
				ORGANIZATIONNAME = mudritskiy;
				TargetAttributes = {
					6F9C6B5922A70BBC001D9A83 = {
						CreatedOnToolsVersion = 10.1;
					};
				};
			};
			buildConfigurationList = 6F9C6B5522A70BBB001D9A83 /* Build configuration list for PBXProject "GitSearch" */;
			compatibilityVersion = "Xcode 9.3";
			developmentRegion = en;
			hasScannedForEncodings = 0;
			knownRegions = (
				en,
				Base,
			);
			mainGroup = 6F9C6B5122A70BBB001D9A83;
			productRefGroup = 6F9C6B5B22A70BBC001D9A83 /* Products */;
			projectDirPath = "";
			projectRoot = "";
			targets = (
				6F9C6B5922A70BBC001D9A83 /* GitSearch */,
			);
		};
/* End PBXProject section */

/* Begin PBXResourcesBuildPhase section */
		6F9C6B5822A70BBC001D9A83 /* Resources */ = {
			isa = PBXResourcesBuildPhase;
			buildActionMask = 2147483647;
			files = (
				6F9C6B6522A70BC1001D9A83 /* Assets.xcassets in Resources */,
			);
			runOnlyForDeploymentPostprocessing = 0;
		};
/* End PBXResourcesBuildPhase section */

/* Begin PBXSourcesBuildPhase section */
		6F9C6B5622A70BBC001D9A83 /* Sources */ = {
			isa = PBXSourcesBuildPhase;
			buildActionMask = 2147483647;
			files = (
				6FAEBC8522F4F64F00B2414D /* RepoInfoCellView.swift in Sources */,
				6F9C6B6022A70BBC001D9A83 /* SearchResultViewController.swift in Sources */,
				6F121EBB22CD0BCC001E24CD /* RepoInfoViewController.swift in Sources */,
				6FAEBC7F22F4F46100B2414D /* PaddedText.swift in Sources */,
				6FAEBC7722F4F1AB00B2414D /* SearchInfo.swift in Sources */,
				6F9C6B5E22A70BBC001D9A83 /* AppDelegate.swift in Sources */,
				6FAEBC7922F4F1E100B2414D /* SearchItem.swift in Sources */,
				6FAEBC7B22F4F33800B2414D /* SpinnerViewController.swift in Sources */,
				6F121EBD22CDA95C001E24CD /* SearchController.swift in Sources */,
				6FAEBC8222F4F55600B2414D /* SearchResultCellView.swift in Sources */,
			);
			runOnlyForDeploymentPostprocessing = 0;
		};
/* End PBXSourcesBuildPhase section */

/* Begin XCBuildConfiguration section */
		6F9C6B6A22A70BC1001D9A83 /* Debug */ = {
			isa = XCBuildConfiguration;
			buildSettings = {
				ALWAYS_SEARCH_USER_PATHS = NO;
				CLANG_ANALYZER_NONNULL = YES;
				CLANG_ANALYZER_NUMBER_OBJECT_CONVERSION = YES_AGGRESSIVE;
				CLANG_CXX_LANGUAGE_STANDARD = "gnu++14";
				CLANG_CXX_LIBRARY = "libc++";
				CLANG_ENABLE_MODULES = YES;
				CLANG_ENABLE_OBJC_ARC = YES;
				CLANG_ENABLE_OBJC_WEAK = YES;
				CLANG_WARN_BLOCK_CAPTURE_AUTORELEASING = YES;
				CLANG_WARN_BOOL_CONVERSION = YES;
				CLANG_WARN_COMMA = YES;
				CLANG_WARN_CONSTANT_CONVERSION = YES;
				CLANG_WARN_DEPRECATED_OBJC_IMPLEMENTATIONS = YES;
				CLANG_WARN_DIRECT_OBJC_ISA_USAGE = YES_ERROR;
				CLANG_WARN_DOCUMENTATION_COMMENTS = YES;
				CLANG_WARN_EMPTY_BODY = YES;
				CLANG_WARN_ENUM_CONVERSION = YES;
				CLANG_WARN_INFINITE_RECURSION = YES;
				CLANG_WARN_INT_CONVERSION = YES;
				CLANG_WARN_NON_LITERAL_NULL_CONVERSION = YES;
				CLANG_WARN_OBJC_IMPLICIT_RETAIN_SELF = YES;
				CLANG_WARN_OBJC_LITERAL_CONVERSION = YES;
				CLANG_WARN_OBJC_ROOT_CLASS = YES_ERROR;
				CLANG_WARN_RANGE_LOOP_ANALYSIS = YES;
				CLANG_WARN_STRICT_PROTOTYPES = YES;
				CLANG_WARN_SUSPICIOUS_MOVE = YES;
				CLANG_WARN_UNGUARDED_AVAILABILITY = YES_AGGRESSIVE;
				CLANG_WARN_UNREACHABLE_CODE = YES;
				CLANG_WARN__DUPLICATE_METHOD_MATCH = YES;
				CODE_SIGN_IDENTITY = "iPhone Developer";
				COPY_PHASE_STRIP = NO;
				DEBUG_INFORMATION_FORMAT = dwarf;
				ENABLE_STRICT_OBJC_MSGSEND = YES;
				ENABLE_TESTABILITY = YES;
				GCC_C_LANGUAGE_STANDARD = gnu11;
				GCC_DYNAMIC_NO_PIC = NO;
				GCC_NO_COMMON_BLOCKS = YES;
				GCC_OPTIMIZATION_LEVEL = 0;
				GCC_PREPROCESSOR_DEFINITIONS = (
					"DEBUG=1",
					"$(inherited)",
				);
				GCC_WARN_64_TO_32_BIT_CONVERSION = YES;
				GCC_WARN_ABOUT_RETURN_TYPE = YES_ERROR;
				GCC_WARN_UNDECLARED_SELECTOR = YES;
				GCC_WARN_UNINITIALIZED_AUTOS = YES_AGGRESSIVE;
				GCC_WARN_UNUSED_FUNCTION = YES;
				GCC_WARN_UNUSED_VARIABLE = YES;
				IPHONEOS_DEPLOYMENT_TARGET = 12.1;
				MTL_ENABLE_DEBUG_INFO = INCLUDE_SOURCE;
				MTL_FAST_MATH = YES;
				ONLY_ACTIVE_ARCH = YES;
				SDKROOT = iphoneos;
				SWIFT_ACTIVE_COMPILATION_CONDITIONS = DEBUG;
				SWIFT_OPTIMIZATION_LEVEL = "-Onone";
			};
			name = Debug;
		};
		6F9C6B6B22A70BC1001D9A83 /* Release */ = {
			isa = XCBuildConfiguration;
			buildSettings = {
				ALWAYS_SEARCH_USER_PATHS = NO;
				CLANG_ANALYZER_NONNULL = YES;
				CLANG_ANALYZER_NUMBER_OBJECT_CONVERSION = YES_AGGRESSIVE;
				CLANG_CXX_LANGUAGE_STANDARD = "gnu++14";
				CLANG_CXX_LIBRARY = "libc++";
				CLANG_ENABLE_MODULES = YES;
				CLANG_ENABLE_OBJC_ARC = YES;
				CLANG_ENABLE_OBJC_WEAK = YES;
				CLANG_WARN_BLOCK_CAPTURE_AUTORELEASING = YES;
				CLANG_WARN_BOOL_CONVERSION = YES;
				CLANG_WARN_COMMA = YES;
				CLANG_WARN_CONSTANT_CONVERSION = YES;
				CLANG_WARN_DEPRECATED_OBJC_IMPLEMENTATIONS = YES;
				CLANG_WARN_DIRECT_OBJC_ISA_USAGE = YES_ERROR;
				CLANG_WARN_DOCUMENTATION_COMMENTS = YES;
				CLANG_WARN_EMPTY_BODY = YES;
				CLANG_WARN_ENUM_CONVERSION = YES;
				CLANG_WARN_INFINITE_RECURSION = YES;
				CLANG_WARN_INT_CONVERSION = YES;
				CLANG_WARN_NON_LITERAL_NULL_CONVERSION = YES;
				CLANG_WARN_OBJC_IMPLICIT_RETAIN_SELF = YES;
				CLANG_WARN_OBJC_LITERAL_CONVERSION = YES;
				CLANG_WARN_OBJC_ROOT_CLASS = YES_ERROR;
				CLANG_WARN_RANGE_LOOP_ANALYSIS = YES;
				CLANG_WARN_STRICT_PROTOTYPES = YES;
				CLANG_WARN_SUSPICIOUS_MOVE = YES;
				CLANG_WARN_UNGUARDED_AVAILABILITY = YES_AGGRESSIVE;
				CLANG_WARN_UNREACHABLE_CODE = YES;
				CLANG_WARN__DUPLICATE_METHOD_MATCH = YES;
				CODE_SIGN_IDENTITY = "iPhone Developer";
				COPY_PHASE_STRIP = NO;
				DEBUG_INFORMATION_FORMAT = "dwarf-with-dsym";
				ENABLE_NS_ASSERTIONS = NO;
				ENABLE_STRICT_OBJC_MSGSEND = YES;
				GCC_C_LANGUAGE_STANDARD = gnu11;
				GCC_NO_COMMON_BLOCKS = YES;
				GCC_WARN_64_TO_32_BIT_CONVERSION = YES;
				GCC_WARN_ABOUT_RETURN_TYPE = YES_ERROR;
				GCC_WARN_UNDECLARED_SELECTOR = YES;
				GCC_WARN_UNINITIALIZED_AUTOS = YES_AGGRESSIVE;
				GCC_WARN_UNUSED_FUNCTION = YES;
				GCC_WARN_UNUSED_VARIABLE = YES;
				IPHONEOS_DEPLOYMENT_TARGET = 12.1;
				MTL_ENABLE_DEBUG_INFO = NO;
				MTL_FAST_MATH = YES;
				SDKROOT = iphoneos;
				SWIFT_COMPILATION_MODE = wholemodule;
				SWIFT_OPTIMIZATION_LEVEL = "-O";
				VALIDATE_PRODUCT = YES;
			};
			name = Release;
		};
		6F9C6B6D22A70BC1001D9A83 /* Debug */ = {
			isa = XCBuildConfiguration;
			buildSettings = {
				ASSETCATALOG_COMPILER_APPICON_NAME = AppIcon;
				CODE_SIGN_STYLE = Automatic;
				DEVELOPMENT_TEAM = T7TFFKRN7V;
				INFOPLIST_FILE = GitSearch/Info.plist;
				LD_RUNPATH_SEARCH_PATHS = (
					"$(inherited)",
					"@executable_path/Frameworks",
				);
				PRODUCT_BUNDLE_IDENTIFIER = vldmr.GitSearch;
				PRODUCT_NAME = "$(TARGET_NAME)";
				SWIFT_VERSION = 4.2;
				TARGETED_DEVICE_FAMILY = 1;
			};
			name = Debug;
		};
		6F9C6B6E22A70BC1001D9A83 /* Release */ = {
			isa = XCBuildConfiguration;
			buildSettings = {
				ASSETCATALOG_COMPILER_APPICON_NAME = AppIcon;
				CODE_SIGN_STYLE = Automatic;
				DEVELOPMENT_TEAM = T7TFFKRN7V;
				INFOPLIST_FILE = GitSearch/Info.plist;
				LD_RUNPATH_SEARCH_PATHS = (
					"$(inherited)",
					"@executable_path/Frameworks",
				);
				PRODUCT_BUNDLE_IDENTIFIER = vldmr.GitSearch;
				PRODUCT_NAME = "$(TARGET_NAME)";
				SWIFT_VERSION = 4.2;
				TARGETED_DEVICE_FAMILY = 1;
			};
			name = Release;
		};
/* End XCBuildConfiguration section */

/* Begin XCConfigurationList section */
		6F9C6B5522A70BBB001D9A83 /* Build configuration list for PBXProject "GitSearch" */ = {
			isa = XCConfigurationList;
			buildConfigurations = (
				6F9C6B6A22A70BC1001D9A83 /* Debug */,
				6F9C6B6B22A70BC1001D9A83 /* Release */,
			);
			defaultConfigurationIsVisible = 0;
			defaultConfigurationName = Release;
		};
		6F9C6B6C22A70BC1001D9A83 /* Build configuration list for PBXNativeTarget "GitSearch" */ = {
			isa = XCConfigurationList;
			buildConfigurations = (
				6F9C6B6D22A70BC1001D9A83 /* Debug */,
				6F9C6B6E22A70BC1001D9A83 /* Release */,
			);
			defaultConfigurationIsVisible = 0;
			defaultConfigurationName = Release;
		};
/* End XCConfigurationList section */
	};
	rootObject = 6F9C6B5222A70BBB001D9A83 /* Project object */;
}
